// !$*UTF8*$!
{
	archiveVersion = 1;
	classes = {
	};
	objectVersion = 46;
	objects = {

/* Begin PBXBuildFile section */
		C4B26FBC1A7FF25E00D6A3E9 /* main.m in Sources */ = {isa = PBXBuildFile; fileRef = C4B26FBB1A7FF25E00D6A3E9 /* main.m */; };
		C4B26FBF1A7FF25E00D6A3E9 /* AppDelegate.m in Sources */ = {isa = PBXBuildFile; fileRef = C4B26FBE1A7FF25E00D6A3E9 /* AppDelegate.m */; };
		C4B26FC21A7FF25E00D6A3E9 /* GameScene.m in Sources */ = {isa = PBXBuildFile; fileRef = C4B26FC11A7FF25E00D6A3E9 /* GameScene.m */; };
		C4B26FC41A7FF25E00D6A3E9 /* GameScene.sks in Resources */ = {isa = PBXBuildFile; fileRef = C4B26FC31A7FF25E00D6A3E9 /* GameScene.sks */; };
		C4B26FC71A7FF25E00D6A3E9 /* GameViewController.m in Sources */ = {isa = PBXBuildFile; fileRef = C4B26FC61A7FF25E00D6A3E9 /* GameViewController.m */; };
		C4B26FCA1A7FF25E00D6A3E9 /* Main.storyboard in Resources */ = {isa = PBXBuildFile; fileRef = C4B26FC81A7FF25E00D6A3E9 /* Main.storyboard */; };
		C4B26FCC1A7FF25E00D6A3E9 /* Images.xcassets in Resources */ = {isa = PBXBuildFile; fileRef = C4B26FCB1A7FF25E00D6A3E9 /* Images.xcassets */; };
		C4B26FCF1A7FF25E00D6A3E9 /* LaunchScreen.xib in Resources */ = {isa = PBXBuildFile; fileRef = C4B26FCD1A7FF25E00D6A3E9 /* LaunchScreen.xib */; };
		C4B26FDB1A7FF25E00D6A3E9 /* MyMegaJumpGameTests.m in Sources */ = {isa = PBXBuildFile; fileRef = C4B26FDA1A7FF25E00D6A3E9 /* MyMegaJumpGameTests.m */; };
/* End PBXBuildFile section */

/* Begin PBXContainerItemProxy section */
		C4B26FD51A7FF25E00D6A3E9 /* PBXContainerItemProxy */ = {
			isa = PBXContainerItemProxy;
			containerPortal = C4B26FAE1A7FF25E00D6A3E9 /* Project object */;
			proxyType = 1;
			remoteGlobalIDString = C4B26FB51A7FF25E00D6A3E9;
			remoteInfo = MyMegaJumpGame;
		};
/* End PBXContainerItemProxy section */

/* Begin PBXFileReference section */
		C4B26FB61A7FF25E00D6A3E9 /* MyMegaJumpGame.app */ = {isa = PBXFileReference; explicitFileType = wrapper.application; includeInIndex = 0; path = MyMegaJumpGame.app; sourceTree = BUILT_PRODUCTS_DIR; };
		C4B26FBA1A7FF25E00D6A3E9 /* Info.plist */ = {isa = PBXFileReference; lastKnownFileType = text.plist.xml; path = Info.plist; sourceTree = "<group>"; };
		C4B26FBB1A7FF25E00D6A3E9 /* main.m */ = {isa = PBXFileReference; lastKnownFileType = sourcecode.c.objc; path = main.m; sourceTree = "<group>"; };
		C4B26FBD1A7FF25E00D6A3E9 /* AppDelegate.h */ = {isa = PBXFileReference; lastKnownFileType = sourcecode.c.h; path = AppDelegate.h; sourceTree = "<group>"; };
		C4B26FBE1A7FF25E00D6A3E9 /* AppDelegate.m */ = {isa = PBXFileReference; lastKnownFileType = sourcecode.c.objc; path = AppDelegate.m; sourceTree = "<group>"; };
		C4B26FC01A7FF25E00D6A3E9 /* GameScene.h */ = {isa = PBXFileReference; lastKnownFileType = sourcecode.c.h; path = GameScene.h; sourceTree = "<group>"; };
		C4B26FC11A7FF25E00D6A3E9 /* GameScene.m */ = {isa = PBXFileReference; lastKnownFileType = sourcecode.c.objc; path = GameScene.m; sourceTree = "<group>"; };
		C4B26FC31A7FF25E00D6A3E9 /* GameScene.sks */ = {isa = PBXFileReference; lastKnownFileType = file.sks; path = GameScene.sks; sourceTree = "<group>"; };
		C4B26FC51A7FF25E00D6A3E9 /* GameViewController.h */ = {isa = PBXFileReference; lastKnownFileType = sourcecode.c.h; path = GameViewController.h; sourceTree = "<group>"; };
		C4B26FC61A7FF25E00D6A3E9 /* GameViewController.m */ = {isa = PBXFileReference; lastKnownFileType = sourcecode.c.objc; path = GameViewController.m; sourceTree = "<group>"; };
		C4B26FC91A7FF25E00D6A3E9 /* Base */ = {isa = PBXFileReference; lastKnownFileType = file.storyboard; name = Base; path = Base.lproj/Main.storyboard; sourceTree = "<group>"; };
		C4B26FCB1A7FF25E00D6A3E9 /* Images.xcassets */ = {isa = PBXFileReference; lastKnownFileType = folder.assetcatalog; path = Images.xcassets; sourceTree = "<group>"; };
		C4B26FCE1A7FF25E00D6A3E9 /* Base */ = {isa = PBXFileReference; lastKnownFileType = file.xib; name = Base; path = Base.lproj/LaunchScreen.xib; sourceTree = "<group>"; };
		C4B26FD41A7FF25E00D6A3E9 /* MyMegaJumpGameTests.xctest */ = {isa = PBXFileReference; explicitFileType = wrapper.cfbundle; includeInIndex = 0; path = MyMegaJumpGameTests.xctest; sourceTree = BUILT_PRODUCTS_DIR; };
		C4B26FD91A7FF25E00D6A3E9 /* Info.plist */ = {isa = PBXFileReference; lastKnownFileType = text.plist.xml; path = Info.plist; sourceTree = "<group>"; };
		C4B26FDA1A7FF25E00D6A3E9 /* MyMegaJumpGameTests.m */ = {isa = PBXFileReference; lastKnownFileType = sourcecode.c.objc; path = MyMegaJumpGameTests.m; sourceTree = "<group>"; };
/* End PBXFileReference section */

/* Begin PBXFrameworksBuildPhase section */
		C4B26FB31A7FF25E00D6A3E9 /* Frameworks */ = {
			isa = PBXFrameworksBuildPhase;
			buildActionMask = 2147483647;
			files = (
			);
			runOnlyForDeploymentPostprocessing = 0;
		};
		C4B26FD11A7FF25E00D6A3E9 /* Frameworks */ = {
			isa = PBXFrameworksBuildPhase;
			buildActionMask = 2147483647;
			files = (
			);
			runOnlyForDeploymentPostprocessing = 0;
		};
/* End PBXFrameworksBuildPhase section */

/* Begin PBXGroup section */
		C4B26FAD1A7FF25E00D6A3E9 = {
			isa = PBXGroup;
			children = (
				C4B26FB81A7FF25E00D6A3E9 /* MyMegaJumpGame */,
				C4B26FD71A7FF25E00D6A3E9 /* MyMegaJumpGameTests */,
				C4B26FB71A7FF25E00D6A3E9 /* Products */,
			);
			sourceTree = "<group>";
		};
		C4B26FB71A7FF25E00D6A3E9 /* Products */ = {
			isa = PBXGroup;
			children = (
				C4B26FB61A7FF25E00D6A3E9 /* MyMegaJumpGame.app */,
				C4B26FD41A7FF25E00D6A3E9 /* MyMegaJumpGameTests.xctest */,
			);
			name = Products;
			sourceTree = "<group>";
		};
		C4B26FB81A7FF25E00D6A3E9 /* MyMegaJumpGame */ = {
			isa = PBXGroup;
			children = (
				C4B26FBD1A7FF25E00D6A3E9 /* AppDelegate.h */,
				C4B26FBE1A7FF25E00D6A3E9 /* AppDelegate.m */,
				C4B26FC01A7FF25E00D6A3E9 /* GameScene.h */,
				C4B26FC11A7FF25E00D6A3E9 /* GameScene.m */,
				C4B26FC31A7FF25E00D6A3E9 /* GameScene.sks */,
				C4B26FC51A7FF25E00D6A3E9 /* GameViewController.h */,
				C4B26FC61A7FF25E00D6A3E9 /* GameViewController.m */,
				C4B26FC81A7FF25E00D6A3E9 /* Main.storyboard */,
				C4B26FCB1A7FF25E00D6A3E9 /* Images.xcassets */,
				C4B26FCD1A7FF25E00D6A3E9 /* LaunchScreen.xib */,
				C4B26FB91A7FF25E00D6A3E9 /* Supporting Files */,
			);
			path = MyMegaJumpGame;
			sourceTree = "<group>";
		};
		C4B26FB91A7FF25E00D6A3E9 /* Supporting Files */ = {
			isa = PBXGroup;
			children = (
				C4B26FBA1A7FF25E00D6A3E9 /* Info.plist */,
				C4B26FBB1A7FF25E00D6A3E9 /* main.m */,
			);
			name = "Supporting Files";
			sourceTree = "<group>";
		};
		C4B26FD71A7FF25E00D6A3E9 /* MyMegaJumpGameTests */ = {
			isa = PBXGroup;
			children = (
				C4B26FDA1A7FF25E00D6A3E9 /* MyMegaJumpGameTests.m */,
				C4B26FD81A7FF25E00D6A3E9 /* Supporting Files */,
			);
			path = MyMegaJumpGameTests;
			sourceTree = "<group>";
		};
		C4B26FD81A7FF25E00D6A3E9 /* Supporting Files */ = {
			isa = PBXGroup;
			children = (
				C4B26FD91A7FF25E00D6A3E9 /* Info.plist */,
			);
			name = "Supporting Files";
			sourceTree = "<group>";
		};
/* End PBXGroup section */

/* Begin PBXNativeTarget section */
		C4B26FB51A7FF25E00D6A3E9 /* MyMegaJumpGame */ = {
			isa = PBXNativeTarget;
			buildConfigurationList = C4B26FDE1A7FF25E00D6A3E9 /* Build configuration list for PBXNativeTarget "MyMegaJumpGame" */;
			buildPhases = (
				C4B26FB21A7FF25E00D6A3E9 /* Sources */,
				C4B26FB31A7FF25E00D6A3E9 /* Frameworks */,
				C4B26FB41A7FF25E00D6A3E9 /* Resources */,
			);
			buildRules = (
			);
			dependencies = (
			);
			name = MyMegaJumpGame;
			productName = MyMegaJumpGame;
			productReference = C4B26FB61A7FF25E00D6A3E9 /* MyMegaJumpGame.app */;
			productType = "com.apple.product-type.application";
		};
		C4B26FD31A7FF25E00D6A3E9 /* MyMegaJumpGameTests */ = {
			isa = PBXNativeTarget;
			buildConfigurationList = C4B26FE11A7FF25E00D6A3E9 /* Build configuration list for PBXNativeTarget "MyMegaJumpGameTests" */;
			buildPhases = (
				C4B26FD01A7FF25E00D6A3E9 /* Sources */,
				C4B26FD11A7FF25E00D6A3E9 /* Frameworks */,
				C4B26FD21A7FF25E00D6A3E9 /* Resources */,
			);
			buildRules = (
			);
			dependencies = (
				C4B26FD61A7FF25E00D6A3E9 /* PBXTargetDependency */,
			);
			name = MyMegaJumpGameTests;
			productName = MyMegaJumpGameTests;
			productReference = C4B26FD41A7FF25E00D6A3E9 /* MyMegaJumpGameTests.xctest */;
			productType = "com.apple.product-type.bundle.unit-test";
		};
/* End PBXNativeTarget section */

/* Begin PBXProject section */
		C4B26FAE1A7FF25E00D6A3E9 /* Project object */ = {
			isa = PBXProject;
			attributes = {
				LastUpgradeCheck = 0610;
				ORGANIZATIONNAME = "Bo Guan";
				TargetAttributes = {
					C4B26FB51A7FF25E00D6A3E9 = {
						CreatedOnToolsVersion = 6.1.1;
					};
					C4B26FD31A7FF25E00D6A3E9 = {
						CreatedOnToolsVersion = 6.1.1;
						TestTargetID = C4B26FB51A7FF25E00D6A3E9;
					};
				};
			};
			buildConfigurationList = C4B26FB11A7FF25E00D6A3E9 /* Build configuration list for PBXProject "MyMegaJumpGame" */;
			compatibilityVersion = "Xcode 3.2";
			developmentRegion = English;
			hasScannedForEncodings = 0;
			knownRegions = (
				en,
				Base,
			);
			mainGroup = C4B26FAD1A7FF25E00D6A3E9;
			productRefGroup = C4B26FB71A7FF25E00D6A3E9 /* Products */;
			projectDirPath = "";
			projectRoot = "";
			targets = (
				C4B26FB51A7FF25E00D6A3E9 /* MyMegaJumpGame */,
				C4B26FD31A7FF25E00D6A3E9 /* MyMegaJumpGameTests */,
			);
		};
/* End PBXProject section */

/* Begin PBXResourcesBuildPhase section */
		C4B26FB41A7FF25E00D6A3E9 /* Resources */ = {
			isa = PBXResourcesBuildPhase;
			buildActionMask = 2147483647;
			files = (
				C4B26FCF1A7FF25E00D6A3E9 /* LaunchScreen.xib in Resources */,
				C4B26FCC1A7FF25E00D6A3E9 /* Images.xcassets in Resources */,
				C4B26FC41A7FF25E00D6A3E9 /* GameScene.sks in Resources */,
				C4B26FCA1A7FF25E00D6A3E9 /* Main.storyboard in Resources */,
			);
			runOnlyForDeploymentPostprocessing = 0;
		};
		C4B26FD21A7FF25E00D6A3E9 /* Resources */ = {
			isa = PBXResourcesBuildPhase;
			buildActionMask = 2147483647;
			files = (
			);
			runOnlyForDeploymentPostprocessing = 0;
		};
/* End PBXResourcesBuildPhase section */

/* Begin PBXSourcesBuildPhase section */
		C4B26FB21A7FF25E00D6A3E9 /* Sources */ = {
			isa = PBXSourcesBuildPhase;
			buildActionMask = 2147483647;
			files = (
				C4B26FC71A7FF25E00D6A3E9 /* GameViewController.m in Sources */,
				C4B26FBF1A7FF25E00D6A3E9 /* AppDelegate.m in Sources */,
				C4B26FC21A7FF25E00D6A3E9 /* GameScene.m in Sources */,
				C4B26FBC1A7FF25E00D6A3E9 /* main.m in Sources */,
			);
			runOnlyForDeploymentPostprocessing = 0;
		};
		C4B26FD01A7FF25E00D6A3E9 /* Sources */ = {
			isa = PBXSourcesBuildPhase;
			buildActionMask = 2147483647;
			files = (
				C4B26FDB1A7FF25E00D6A3E9 /* MyMegaJumpGameTests.m in Sources */,
			);
			runOnlyForDeploymentPostprocessing = 0;
		};
/* End PBXSourcesBuildPhase section */

/* Begin PBXTargetDependency section */
		C4B26FD61A7FF25E00D6A3E9 /* PBXTargetDependency */ = {
			isa = PBXTargetDependency;
			target = C4B26FB51A7FF25E00D6A3E9 /* MyMegaJumpGame */;
			targetProxy = C4B26FD51A7FF25E00D6A3E9 /* PBXContainerItemProxy */;
		};
/* End PBXTargetDependency section */

/* Begin PBXVariantGroup section */
		C4B26FC81A7FF25E00D6A3E9 /* Main.storyboard */ = {
			isa = PBXVariantGroup;
			children = (
				C4B26FC91A7FF25E00D6A3E9 /* Base */,
			);
			name = Main.storyboard;
			sourceTree = "<group>";
		};
		C4B26FCD1A7FF25E00D6A3E9 /* LaunchScreen.xib */ = {
			isa = PBXVariantGroup;
			children = (
				C4B26FCE1A7FF25E00D6A3E9 /* Base */,
			);
			name = LaunchScreen.xib;
			sourceTree = "<group>";
		};
/* End PBXVariantGroup section */

/* Begin XCBuildConfiguration section */
		C4B26FDC1A7FF25E00D6A3E9 /* Debug */ = {
			isa = XCBuildConfiguration;
			buildSettings = {
				ALWAYS_SEARCH_USER_PATHS = NO;
				CLANG_CXX_LANGUAGE_STANDARD = "gnu++0x";
				CLANG_CXX_LIBRARY = "libc++";
				CLANG_ENABLE_MODULES = YES;
				CLANG_ENABLE_OBJC_ARC = YES;
				CLANG_WARN_BOOL_CONVERSION = YES;
				CLANG_WARN_CONSTANT_CONVERSION = YES;
				CLANG_WARN_DIRECT_OBJC_ISA_USAGE = YES_ERROR;
				CLANG_WARN_EMPTY_BODY = YES;
				CLANG_WARN_ENUM_CONVERSION = YES;
				CLANG_WARN_INT_CONVERSION = YES;
				CLANG_WARN_OBJC_ROOT_CLASS = YES_ERROR;
				CLANG_WARN_UNREACHABLE_CODE = YES;
				CLANG_WARN__DUPLICATE_METHOD_MATCH = YES;
				"CODE_SIGN_IDENTITY[sdk=iphoneos*]" = "iPhone Developer";
				COPY_PHASE_STRIP = NO;
				ENABLE_STRICT_OBJC_MSGSEND = YES;
				GCC_C_LANGUAGE_STANDARD = gnu99;
				GCC_DYNAMIC_NO_PIC = NO;
				GCC_OPTIMIZATION_LEVEL = 0;
				GCC_PREPROCESSOR_DEFINITIONS = (
					"DEBUG=1",
					"$(inherited)",
				);
				GCC_SYMBOLS_PRIVATE_EXTERN = NO;
				GCC_WARN_64_TO_32_BIT_CONVERSION = YES;
				GCC_WARN_ABOUT_RETURN_TYPE = YES_ERROR;
				GCC_WARN_UNDECLARED_SELECTOR = YES;
				GCC_WARN_UNINITIALIZED_AUTOS = YES_AGGRESSIVE;
				GCC_WARN_UNUSED_FUNCTION = YES;
				GCC_WARN_UNUSED_VARIABLE = YES;
				IPHONEOS_DEPLOYMENT_TARGET = 8.1;
				MTL_ENABLE_DEBUG_INFO = YES;
				ONLY_ACTIVE_ARCH = YES;
				SDKROOT = iphoneos;
			};
			name = Debug;
		};
		C4B26FDD1A7FF25E00D6A3E9 /* Release */ = {
			isa = XCBuildConfiguration;
			buildSettings = {
				ALWAYS_SEARCH_USER_PATHS = NO;
				CLANG_CXX_LANGUAGE_STANDARD = "gnu++0x";
				CLANG_CXX_LIBRARY = "libc++";
				CLANG_ENABLE_MODULES = YES;
				CLANG_ENABLE_OBJC_ARC = YES;
				CLANG_WARN_BOOL_CONVERSION = YES;
				CLANG_WARN_CONSTANT_CONVERSION = YES;
				CLANG_WARN_DIRECT_OBJC_ISA_USAGE = YES_ERROR;
				CLANG_WARN_EMPTY_BODY = YES;
				CLANG_WARN_ENUM_CONVERSION = YES;
				CLANG_WARN_INT_CONVERSION = YES;
				CLANG_WARN_OBJC_ROOT_CLASS = YES_ERROR;
				CLANG_WARN_UNREACHABLE_CODE = YES;
				CLANG_WARN__DUPLICATE_METHOD_MATCH = YES;
				"CODE_SIGN_IDENTITY[sdk=iphoneos*]" = "iPhone Developer";
				COPY_PHASE_STRIP = YES;
				ENABLE_NS_ASSERTIONS = NO;
				ENABLE_STRICT_OBJC_MSGSEND = YES;
				GCC_C_LANGUAGE_STANDARD = gnu99;
				GCC_WARN_64_TO_32_BIT_CONVERSION = YES;
				GCC_WARN_ABOUT_RETURN_TYPE = YES_ERROR;
				GCC_WARN_UNDECLARED_SELECTOR = YES;
				GCC_WARN_UNINITIALIZED_AUTOS = YES_AGGRESSIVE;
				GCC_WARN_UNUSED_FUNCTION = YES;
				GCC_WARN_UNUSED_VARIABLE = YES;
				IPHONEOS_DEPLOYMENT_TARGET = 8.1;
				MTL_ENABLE_DEBUG_INFO = NO;
				SDKROOT = iphoneos;
				VALIDATE_PRODUCT = YES;
			};
			name = Release;
		};
		C4B26FDF1A7FF25E00D6A3E9 /* Debug */ = {
			isa = XCBuildConfiguration;
			buildSettings = {
				ASSETCATALOG_COMPILER_APPICON_NAME = AppIcon;
				INFOPLIST_FILE = MyMegaJumpGame/Info.plist;
				LD_RUNPATH_SEARCH_PATHS = "$(inherited) @executable_path/Frameworks";
				PRODUCT_NAME = "$(TARGET_NAME)";
			};
			name = Debug;
		};
		C4B26FE01A7FF25E00D6A3E9 /* Release */ = {
			isa = XCBuildConfiguration;
			buildSettings = {
				ASSETCATALOG_COMPILER_APPICON_NAME = AppIcon;
				INFOPLIST_FILE = MyMegaJumpGame/Info.plist;
				LD_RUNPATH_SEARCH_PATHS = "$(inherited) @executable_path/Frameworks";
				PRODUCT_NAME = "$(TARGET_NAME)";
			};
			name = Release;
		};
		C4B26FE21A7FF25E00D6A3E9 /* Debug */ = {
			isa = XCBuildConfiguration;
			buildSettings = {
				BUNDLE_LOADER = "$(TEST_HOST)";
				FRAMEWORK_SEARCH_PATHS = (
					"$(SDKROOT)/Developer/Library/Frameworks",
					"$(inherited)",
				);
				GCC_PREPROCESSOR_DEFINITIONS = (
					"DEBUG=1",
					"$(inherited)",
				);
				INFOPLIST_FILE = MyMegaJumpGameTests/Info.plist;
				LD_RUNPATH_SEARCH_PATHS = "$(inherited) @executable_path/Frameworks @loader_path/Frameworks";
				PRODUCT_NAME = "$(TARGET_NAME)";
				TEST_HOST = "$(BUILT_PRODUCTS_DIR)/MyMegaJumpGame.app/MyMegaJumpGame";
			};
			name = Debug;
		};
		C4B26FE31A7FF25E00D6A3E9 /* Release */ = {
			isa = XCBuildConfiguration;
			buildSettings = {
				BUNDLE_LOADER = "$(TEST_HOST)";
				FRAMEWORK_SEARCH_PATHS = (
					"$(SDKROOT)/Developer/Library/Frameworks",
					"$(inherited)",
				);
				INFOPLIST_FILE = MyMegaJumpGameTests/Info.plist;
				LD_RUNPATH_SEARCH_PATHS = "$(inherited) @executable_path/Frameworks @loader_path/Frameworks";
				PRODUCT_NAME = "$(TARGET_NAME)";
				TEST_HOST = "$(BUILT_PRODUCTS_DIR)/MyMegaJumpGame.app/MyMegaJumpGame";
			};
			name = Release;
		};
/* End XCBuildConfiguration section */

/* Begin XCConfigurationList section */
		C4B26FB11A7FF25E00D6A3E9 /* Build configuration list for PBXProject "MyMegaJumpGame" */ = {
			isa = XCConfigurationList;
			buildConfigurations = (
				C4B26FDC1A7FF25E00D6A3E9 /* Debug */,
				C4B26FDD1A7FF25E00D6A3E9 /* Release */,
			);
			defaultConfigurationIsVisible = 0;
			defaultConfigurationName = Release;
		};
		C4B26FDE1A7FF25E00D6A3E9 /* Build configuration list for PBXNativeTarget "MyMegaJumpGame" */ = {
			isa = XCConfigurationList;
			buildConfigurations = (
				C4B26FDF1A7FF25E00D6A3E9 /* Debug */,
				C4B26FE01A7FF25E00D6A3E9 /* Release */,
			);
			defaultConfigurationIsVisible = 0;
		};
		C4B26FE11A7FF25E00D6A3E9 /* Build configuration list for PBXNativeTarget "MyMegaJumpGameTests" */ = {
			isa = XCConfigurationList;
			buildConfigurations = (
				C4B26FE21A7FF25E00D6A3E9 /* Debug */,
				C4B26FE31A7FF25E00D6A3E9 /* Release */,
			);
			defaultConfigurationIsVisible = 0;
		};
/* End XCConfigurationList section */
	};
	rootObject = C4B26FAE1A7FF25E00D6A3E9 /* Project object */;
}
