// !$*UTF8*$!
{
	archiveVersion = 1;
	classes = {
	};
	objectVersion = 46;
	objects = {

/* Begin PBXBuildFile section */
		C43FA1F71AD4D35D009A2582 /* Player.m in Sources */ = {isa = PBXBuildFile; fileRef = C43FA1F61AD4D35D009A2582 /* Player.m */; };
		C472C7EC1AD36F3300697F3B /* Assets.atlas in Resources */ = {isa = PBXBuildFile; fileRef = C472C7C01AD36F3300697F3B /* Assets.atlas */; };
		C472C7ED1AD36F3300697F3B /* Background.png in Resources */ = {isa = PBXBuildFile; fileRef = C472C7C21AD36F3300697F3B /* Background.png */; };
		C472C7EE1AD36F3300697F3B /* Background01.png in Resources */ = {isa = PBXBuildFile; fileRef = C472C7C31AD36F3300697F3B /* Background01.png */; };
		C472C7EF1AD36F3300697F3B /* Background01@2x.png in Resources */ = {isa = PBXBuildFile; fileRef = C472C7C41AD36F3300697F3B /* Background01@2x.png */; };
		C472C7F01AD36F3300697F3B /* Background02.png in Resources */ = {isa = PBXBuildFile; fileRef = C472C7C51AD36F3300697F3B /* Background02.png */; };
		C472C7F11AD36F3300697F3B /* Background02@2x.png in Resources */ = {isa = PBXBuildFile; fileRef = C472C7C61AD36F3300697F3B /* Background02@2x.png */; };
		C472C7F21AD36F3300697F3B /* Background03.png in Resources */ = {isa = PBXBuildFile; fileRef = C472C7C71AD36F3300697F3B /* Background03.png */; };
		C472C7F31AD36F3300697F3B /* Background03@2x.png in Resources */ = {isa = PBXBuildFile; fileRef = C472C7C81AD36F3300697F3B /* Background03@2x.png */; };
		C472C7F41AD36F3300697F3B /* Background04.png in Resources */ = {isa = PBXBuildFile; fileRef = C472C7C91AD36F3300697F3B /* Background04.png */; };
		C472C7F51AD36F3300697F3B /* Background04@2x.png in Resources */ = {isa = PBXBuildFile; fileRef = C472C7CA1AD36F3300697F3B /* Background04@2x.png */; };
		C472C7F61AD36F3300697F3B /* Background05.png in Resources */ = {isa = PBXBuildFile; fileRef = C472C7CB1AD36F3300697F3B /* Background05.png */; };
		C472C7F71AD36F3300697F3B /* Background05@2x.png in Resources */ = {isa = PBXBuildFile; fileRef = C472C7CC1AD36F3300697F3B /* Background05@2x.png */; };
		C472C7F81AD36F3300697F3B /* Background06.png in Resources */ = {isa = PBXBuildFile; fileRef = C472C7CD1AD36F3300697F3B /* Background06.png */; };
		C472C7F91AD36F3300697F3B /* Background06@2x.png in Resources */ = {isa = PBXBuildFile; fileRef = C472C7CE1AD36F3300697F3B /* Background06@2x.png */; };
		C472C7FA1AD36F3300697F3B /* Background07.png in Resources */ = {isa = PBXBuildFile; fileRef = C472C7CF1AD36F3300697F3B /* Background07.png */; };
		C472C7FB1AD36F3300697F3B /* Background07@2x.png in Resources */ = {isa = PBXBuildFile; fileRef = C472C7D01AD36F3300697F3B /* Background07@2x.png */; };
		C472C7FC1AD36F3300697F3B /* Background08.png in Resources */ = {isa = PBXBuildFile; fileRef = C472C7D11AD36F3300697F3B /* Background08.png */; };
		C472C7FD1AD36F3300697F3B /* Background08@2x.png in Resources */ = {isa = PBXBuildFile; fileRef = C472C7D21AD36F3300697F3B /* Background08@2x.png */; };
		C472C7FE1AD36F3300697F3B /* Background09.png in Resources */ = {isa = PBXBuildFile; fileRef = C472C7D31AD36F3300697F3B /* Background09.png */; };
		C472C7FF1AD36F3300697F3B /* Background09@2x.png in Resources */ = {isa = PBXBuildFile; fileRef = C472C7D41AD36F3300697F3B /* Background09@2x.png */; };
		C472C8001AD36F3300697F3B /* Background10.png in Resources */ = {isa = PBXBuildFile; fileRef = C472C7D51AD36F3300697F3B /* Background10.png */; };
		C472C8011AD36F3300697F3B /* Background10@2x.png in Resources */ = {isa = PBXBuildFile; fileRef = C472C7D61AD36F3300697F3B /* Background10@2x.png */; };
		C472C8021AD36F3300697F3B /* Background11.png in Resources */ = {isa = PBXBuildFile; fileRef = C472C7D71AD36F3300697F3B /* Background11.png */; };
		C472C8031AD36F3300697F3B /* Background11@2x.png in Resources */ = {isa = PBXBuildFile; fileRef = C472C7D81AD36F3300697F3B /* Background11@2x.png */; };
		C472C8041AD36F3300697F3B /* Background12.png in Resources */ = {isa = PBXBuildFile; fileRef = C472C7D91AD36F3300697F3B /* Background12.png */; };
		C472C8051AD36F3300697F3B /* Background12@2x.png in Resources */ = {isa = PBXBuildFile; fileRef = C472C7DA1AD36F3300697F3B /* Background12@2x.png */; };
		C472C8061AD36F3300697F3B /* Background13.png in Resources */ = {isa = PBXBuildFile; fileRef = C472C7DB1AD36F3300697F3B /* Background13.png */; };
		C472C8071AD36F3300697F3B /* Background13@2x.png in Resources */ = {isa = PBXBuildFile; fileRef = C472C7DC1AD36F3300697F3B /* Background13@2x.png */; };
		C472C8081AD36F3300697F3B /* Background14.png in Resources */ = {isa = PBXBuildFile; fileRef = C472C7DD1AD36F3300697F3B /* Background14.png */; };
		C472C8091AD36F3300697F3B /* Background14@2x.png in Resources */ = {isa = PBXBuildFile; fileRef = C472C7DE1AD36F3300697F3B /* Background14@2x.png */; };
		C472C80A1AD36F3300697F3B /* Background15.png in Resources */ = {isa = PBXBuildFile; fileRef = C472C7DF1AD36F3300697F3B /* Background15.png */; };
		C472C80B1AD36F3300697F3B /* Background15@2x.png in Resources */ = {isa = PBXBuildFile; fileRef = C472C7E01AD36F3300697F3B /* Background15@2x.png */; };
		C472C80C1AD36F3300697F3B /* Background16.png in Resources */ = {isa = PBXBuildFile; fileRef = C472C7E11AD36F3300697F3B /* Background16.png */; };
		C472C80D1AD36F3300697F3B /* Background16@2x.png in Resources */ = {isa = PBXBuildFile; fileRef = C472C7E21AD36F3300697F3B /* Background16@2x.png */; };
		C472C80E1AD36F3300697F3B /* Background17.png in Resources */ = {isa = PBXBuildFile; fileRef = C472C7E31AD36F3300697F3B /* Background17.png */; };
		C472C80F1AD36F3300697F3B /* Background17@2x.png in Resources */ = {isa = PBXBuildFile; fileRef = C472C7E41AD36F3300697F3B /* Background17@2x.png */; };
		C472C8101AD36F3300697F3B /* Background18.png in Resources */ = {isa = PBXBuildFile; fileRef = C472C7E51AD36F3300697F3B /* Background18.png */; };
		C472C8111AD36F3300697F3B /* Background18@2x.png in Resources */ = {isa = PBXBuildFile; fileRef = C472C7E61AD36F3300697F3B /* Background18@2x.png */; };
		C472C8121AD36F3300697F3B /* Background19.png in Resources */ = {isa = PBXBuildFile; fileRef = C472C7E71AD36F3300697F3B /* Background19.png */; };
		C472C8131AD36F3300697F3B /* Background19@2x.png in Resources */ = {isa = PBXBuildFile; fileRef = C472C7E81AD36F3300697F3B /* Background19@2x.png */; };
		C472C8141AD36F3300697F3B /* Background20.png in Resources */ = {isa = PBXBuildFile; fileRef = C472C7E91AD36F3300697F3B /* Background20.png */; };
		C472C8151AD36F3300697F3B /* Background20@2x.png in Resources */ = {isa = PBXBuildFile; fileRef = C472C7EA1AD36F3300697F3B /* Background20@2x.png */; };
		C472C8161AD36F3300697F3B /* Background@2x.png in Resources */ = {isa = PBXBuildFile; fileRef = C472C7EB1AD36F3300697F3B /* Background@2x.png */; };
		C472C81B1AD3706D00697F3B /* MegaJumpFirstScene.m in Sources */ = {isa = PBXBuildFile; fileRef = C472C81A1AD3706D00697F3B /* MegaJumpFirstScene.m */; };
		C472C81D1AD372D200697F3B /* MegaJumpFirstScene.sks in Resources */ = {isa = PBXBuildFile; fileRef = C472C81C1AD372D200697F3B /* MegaJumpFirstScene.sks */; };
		C47CFFF71ADA2E0800731C5A /* Platform.m in Sources */ = {isa = PBXBuildFile; fileRef = C47CFFF61ADA2E0800731C5A /* Platform.m */; };
		C4A332811ADB077B00D6250E /* StarPing.wav in Resources */ = {isa = PBXBuildFile; fileRef = C4A332801ADB077B00D6250E /* StarPing.wav */; };
		C4A332841ADB157200D6250E /* Level01.plist in Resources */ = {isa = PBXBuildFile; fileRef = C4A332831ADB157200D6250E /* Level01.plist */; };
		C4A332861ADB1D9100D6250E /* Level02.plist in Resources */ = {isa = PBXBuildFile; fileRef = C4A332851ADB1D9100D6250E /* Level02.plist */; };
		C4B26FBC1A7FF25E00D6A3E9 /* main.m in Sources */ = {isa = PBXBuildFile; fileRef = C4B26FBB1A7FF25E00D6A3E9 /* main.m */; };
		C4B26FBF1A7FF25E00D6A3E9 /* AppDelegate.m in Sources */ = {isa = PBXBuildFile; fileRef = C4B26FBE1A7FF25E00D6A3E9 /* AppDelegate.m */; };
		C4B26FC71A7FF25E00D6A3E9 /* GameViewController.m in Sources */ = {isa = PBXBuildFile; fileRef = C4B26FC61A7FF25E00D6A3E9 /* GameViewController.m */; };
		C4B26FCA1A7FF25E00D6A3E9 /* Main.storyboard in Resources */ = {isa = PBXBuildFile; fileRef = C4B26FC81A7FF25E00D6A3E9 /* Main.storyboard */; };
		C4B26FCC1A7FF25E00D6A3E9 /* Images.xcassets in Resources */ = {isa = PBXBuildFile; fileRef = C4B26FCB1A7FF25E00D6A3E9 /* Images.xcassets */; };
		C4B26FCF1A7FF25E00D6A3E9 /* LaunchScreen.xib in Resources */ = {isa = PBXBuildFile; fileRef = C4B26FCD1A7FF25E00D6A3E9 /* LaunchScreen.xib */; };
		C4B26FDB1A7FF25E00D6A3E9 /* MyMegaJumpGameTests.m in Sources */ = {isa = PBXBuildFile; fileRef = C4B26FDA1A7FF25E00D6A3E9 /* MyMegaJumpGameTests.m */; };
		C4FBC6C71ADA1A8B00097905 /* GameObjectNode.m in Sources */ = {isa = PBXBuildFile; fileRef = C4FBC6C61ADA1A8B00097905 /* GameObjectNode.m */; };
		C4FBC6CA1ADA1ED300097905 /* Star.m in Sources */ = {isa = PBXBuildFile; fileRef = C4FBC6C91ADA1ED300097905 /* Star.m */; };
/* End PBXBuildFile section */

/* Begin PBXContainerItemProxy section */
		C4B26FD51A7FF25E00D6A3E9 /* PBXContainerItemProxy */ = {
			isa = PBXContainerItemProxy;
			containerPortal = C4B26FAE1A7FF25E00D6A3E9 /* Project object */;
			proxyType = 1;
			remoteGlobalIDString = C4B26FB51A7FF25E00D6A3E9;
			remoteInfo = MyMegaJumpGame;
		};
/* End PBXContainerItemProxy section */

/* Begin PBXFileReference section */
		C43FA1F51AD4D35D009A2582 /* Player.h */ = {isa = PBXFileReference; fileEncoding = 4; lastKnownFileType = sourcecode.c.h; path = Player.h; sourceTree = "<group>"; };
		C43FA1F61AD4D35D009A2582 /* Player.m */ = {isa = PBXFileReference; fileEncoding = 4; lastKnownFileType = sourcecode.c.objc; path = Player.m; sourceTree = "<group>"; };
		C472C7C01AD36F3300697F3B /* Assets.atlas */ = {isa = PBXFileReference; lastKnownFileType = folder.skatlas; path = Assets.atlas; sourceTree = "<group>"; };
		C472C7C21AD36F3300697F3B /* Background.png */ = {isa = PBXFileReference; lastKnownFileType = image.png; path = Background.png; sourceTree = "<group>"; };
		C472C7C31AD36F3300697F3B /* Background01.png */ = {isa = PBXFileReference; lastKnownFileType = image.png; path = Background01.png; sourceTree = "<group>"; };
		C472C7C41AD36F3300697F3B /* Background01@2x.png */ = {isa = PBXFileReference; lastKnownFileType = image.png; path = "Background01@2x.png"; sourceTree = "<group>"; };
		C472C7C51AD36F3300697F3B /* Background02.png */ = {isa = PBXFileReference; lastKnownFileType = image.png; path = Background02.png; sourceTree = "<group>"; };
		C472C7C61AD36F3300697F3B /* Background02@2x.png */ = {isa = PBXFileReference; lastKnownFileType = image.png; path = "Background02@2x.png"; sourceTree = "<group>"; };
		C472C7C71AD36F3300697F3B /* Background03.png */ = {isa = PBXFileReference; lastKnownFileType = image.png; path = Background03.png; sourceTree = "<group>"; };
		C472C7C81AD36F3300697F3B /* Background03@2x.png */ = {isa = PBXFileReference; lastKnownFileType = image.png; path = "Background03@2x.png"; sourceTree = "<group>"; };
		C472C7C91AD36F3300697F3B /* Background04.png */ = {isa = PBXFileReference; lastKnownFileType = image.png; path = Background04.png; sourceTree = "<group>"; };
		C472C7CA1AD36F3300697F3B /* Background04@2x.png */ = {isa = PBXFileReference; lastKnownFileType = image.png; path = "Background04@2x.png"; sourceTree = "<group>"; };
		C472C7CB1AD36F3300697F3B /* Background05.png */ = {isa = PBXFileReference; lastKnownFileType = image.png; path = Background05.png; sourceTree = "<group>"; };
		C472C7CC1AD36F3300697F3B /* Background05@2x.png */ = {isa = PBXFileReference; lastKnownFileType = image.png; path = "Background05@2x.png"; sourceTree = "<group>"; };
		C472C7CD1AD36F3300697F3B /* Background06.png */ = {isa = PBXFileReference; lastKnownFileType = image.png; path = Background06.png; sourceTree = "<group>"; };
		C472C7CE1AD36F3300697F3B /* Background06@2x.png */ = {isa = PBXFileReference; lastKnownFileType = image.png; path = "Background06@2x.png"; sourceTree = "<group>"; };
		C472C7CF1AD36F3300697F3B /* Background07.png */ = {isa = PBXFileReference; lastKnownFileType = image.png; path = Background07.png; sourceTree = "<group>"; };
		C472C7D01AD36F3300697F3B /* Background07@2x.png */ = {isa = PBXFileReference; lastKnownFileType = image.png; path = "Background07@2x.png"; sourceTree = "<group>"; };
		C472C7D11AD36F3300697F3B /* Background08.png */ = {isa = PBXFileReference; lastKnownFileType = image.png; path = Background08.png; sourceTree = "<group>"; };
		C472C7D21AD36F3300697F3B /* Background08@2x.png */ = {isa = PBXFileReference; lastKnownFileType = image.png; path = "Background08@2x.png"; sourceTree = "<group>"; };
		C472C7D31AD36F3300697F3B /* Background09.png */ = {isa = PBXFileReference; lastKnownFileType = image.png; path = Background09.png; sourceTree = "<group>"; };
		C472C7D41AD36F3300697F3B /* Background09@2x.png */ = {isa = PBXFileReference; lastKnownFileType = image.png; path = "Background09@2x.png"; sourceTree = "<group>"; };
		C472C7D51AD36F3300697F3B /* Background10.png */ = {isa = PBXFileReference; lastKnownFileType = image.png; path = Background10.png; sourceTree = "<group>"; };
		C472C7D61AD36F3300697F3B /* Background10@2x.png */ = {isa = PBXFileReference; lastKnownFileType = image.png; path = "Background10@2x.png"; sourceTree = "<group>"; };
		C472C7D71AD36F3300697F3B /* Background11.png */ = {isa = PBXFileReference; lastKnownFileType = image.png; path = Background11.png; sourceTree = "<group>"; };
		C472C7D81AD36F3300697F3B /* Background11@2x.png */ = {isa = PBXFileReference; lastKnownFileType = image.png; path = "Background11@2x.png"; sourceTree = "<group>"; };
		C472C7D91AD36F3300697F3B /* Background12.png */ = {isa = PBXFileReference; lastKnownFileType = image.png; path = Background12.png; sourceTree = "<group>"; };
		C472C7DA1AD36F3300697F3B /* Background12@2x.png */ = {isa = PBXFileReference; lastKnownFileType = image.png; path = "Background12@2x.png"; sourceTree = "<group>"; };
		C472C7DB1AD36F3300697F3B /* Background13.png */ = {isa = PBXFileReference; lastKnownFileType = image.png; path = Background13.png; sourceTree = "<group>"; };
		C472C7DC1AD36F3300697F3B /* Background13@2x.png */ = {isa = PBXFileReference; lastKnownFileType = image.png; path = "Background13@2x.png"; sourceTree = "<group>"; };
		C472C7DD1AD36F3300697F3B /* Background14.png */ = {isa = PBXFileReference; lastKnownFileType = image.png; path = Background14.png; sourceTree = "<group>"; };
		C472C7DE1AD36F3300697F3B /* Background14@2x.png */ = {isa = PBXFileReference; lastKnownFileType = image.png; path = "Background14@2x.png"; sourceTree = "<group>"; };
		C472C7DF1AD36F3300697F3B /* Background15.png */ = {isa = PBXFileReference; lastKnownFileType = image.png; path = Background15.png; sourceTree = "<group>"; };
		C472C7E01AD36F3300697F3B /* Background15@2x.png */ = {isa = PBXFileReference; lastKnownFileType = image.png; path = "Background15@2x.png"; sourceTree = "<group>"; };
		C472C7E11AD36F3300697F3B /* Background16.png */ = {isa = PBXFileReference; lastKnownFileType = image.png; path = Background16.png; sourceTree = "<group>"; };
		C472C7E21AD36F3300697F3B /* Background16@2x.png */ = {isa = PBXFileReference; lastKnownFileType = image.png; path = "Background16@2x.png"; sourceTree = "<group>"; };
		C472C7E31AD36F3300697F3B /* Background17.png */ = {isa = PBXFileReference; lastKnownFileType = image.png; path = Background17.png; sourceTree = "<group>"; };
		C472C7E41AD36F3300697F3B /* Background17@2x.png */ = {isa = PBXFileReference; lastKnownFileType = image.png; path = "Background17@2x.png"; sourceTree = "<group>"; };
		C472C7E51AD36F3300697F3B /* Background18.png */ = {isa = PBXFileReference; lastKnownFileType = image.png; path = Background18.png; sourceTree = "<group>"; };
		C472C7E61AD36F3300697F3B /* Background18@2x.png */ = {isa = PBXFileReference; lastKnownFileType = image.png; path = "Background18@2x.png"; sourceTree = "<group>"; };
		C472C7E71AD36F3300697F3B /* Background19.png */ = {isa = PBXFileReference; lastKnownFileType = image.png; path = Background19.png; sourceTree = "<group>"; };
		C472C7E81AD36F3300697F3B /* Background19@2x.png */ = {isa = PBXFileReference; lastKnownFileType = image.png; path = "Background19@2x.png"; sourceTree = "<group>"; };
		C472C7E91AD36F3300697F3B /* Background20.png */ = {isa = PBXFileReference; lastKnownFileType = image.png; path = Background20.png; sourceTree = "<group>"; };
		C472C7EA1AD36F3300697F3B /* Background20@2x.png */ = {isa = PBXFileReference; lastKnownFileType = image.png; path = "Background20@2x.png"; sourceTree = "<group>"; };
		C472C7EB1AD36F3300697F3B /* Background@2x.png */ = {isa = PBXFileReference; lastKnownFileType = image.png; path = "Background@2x.png"; sourceTree = "<group>"; };
		C472C8191AD3706D00697F3B /* MegaJumpFirstScene.h */ = {isa = PBXFileReference; fileEncoding = 4; lastKnownFileType = sourcecode.c.h; path = MegaJumpFirstScene.h; sourceTree = "<group>"; };
		C472C81A1AD3706D00697F3B /* MegaJumpFirstScene.m */ = {isa = PBXFileReference; fileEncoding = 4; lastKnownFileType = sourcecode.c.objc; path = MegaJumpFirstScene.m; sourceTree = "<group>"; };
		C472C81C1AD372D200697F3B /* MegaJumpFirstScene.sks */ = {isa = PBXFileReference; lastKnownFileType = file.sks; path = MegaJumpFirstScene.sks; sourceTree = "<group>"; };
		C47CFFF51ADA2E0800731C5A /* Platform.h */ = {isa = PBXFileReference; fileEncoding = 4; lastKnownFileType = sourcecode.c.h; path = Platform.h; sourceTree = "<group>"; };
		C47CFFF61ADA2E0800731C5A /* Platform.m */ = {isa = PBXFileReference; fileEncoding = 4; lastKnownFileType = sourcecode.c.objc; path = Platform.m; sourceTree = "<group>"; };
		C4A332801ADB077B00D6250E /* StarPing.wav */ = {isa = PBXFileReference; lastKnownFileType = audio.wav; path = StarPing.wav; sourceTree = "<group>"; };
		C4A332831ADB157200D6250E /* Level01.plist */ = {isa = PBXFileReference; fileEncoding = 4; lastKnownFileType = text.plist.xml; path = Level01.plist; sourceTree = "<group>"; };
		C4A332851ADB1D9100D6250E /* Level02.plist */ = {isa = PBXFileReference; fileEncoding = 4; lastKnownFileType = text.plist.xml; path = Level02.plist; sourceTree = "<group>"; };
		C4B26FB61A7FF25E00D6A3E9 /* MyMegaJumpGame.app */ = {isa = PBXFileReference; explicitFileType = wrapper.application; includeInIndex = 0; path = MyMegaJumpGame.app; sourceTree = BUILT_PRODUCTS_DIR; };
		C4B26FBA1A7FF25E00D6A3E9 /* Info.plist */ = {isa = PBXFileReference; lastKnownFileType = text.plist.xml; path = Info.plist; sourceTree = "<group>"; };
		C4B26FBB1A7FF25E00D6A3E9 /* main.m */ = {isa = PBXFileReference; lastKnownFileType = sourcecode.c.objc; path = main.m; sourceTree = "<group>"; };
		C4B26FBD1A7FF25E00D6A3E9 /* AppDelegate.h */ = {isa = PBXFileReference; lastKnownFileType = sourcecode.c.h; path = AppDelegate.h; sourceTree = "<group>"; };
		C4B26FBE1A7FF25E00D6A3E9 /* AppDelegate.m */ = {isa = PBXFileReference; lastKnownFileType = sourcecode.c.objc; path = AppDelegate.m; sourceTree = "<group>"; };
		C4B26FC51A7FF25E00D6A3E9 /* GameViewController.h */ = {isa = PBXFileReference; lastKnownFileType = sourcecode.c.h; path = GameViewController.h; sourceTree = "<group>"; };
		C4B26FC61A7FF25E00D6A3E9 /* GameViewController.m */ = {isa = PBXFileReference; lastKnownFileType = sourcecode.c.objc; path = GameViewController.m; sourceTree = "<group>"; };
		C4B26FC91A7FF25E00D6A3E9 /* Base */ = {isa = PBXFileReference; lastKnownFileType = file.storyboard; name = Base; path = Base.lproj/Main.storyboard; sourceTree = "<group>"; };
		C4B26FCB1A7FF25E00D6A3E9 /* Images.xcassets */ = {isa = PBXFileReference; lastKnownFileType = folder.assetcatalog; path = Images.xcassets; sourceTree = "<group>"; };
		C4B26FCE1A7FF25E00D6A3E9 /* Base */ = {isa = PBXFileReference; lastKnownFileType = file.xib; name = Base; path = Base.lproj/LaunchScreen.xib; sourceTree = "<group>"; };
		C4B26FD41A7FF25E00D6A3E9 /* MyMegaJumpGameTests.xctest */ = {isa = PBXFileReference; explicitFileType = wrapper.cfbundle; includeInIndex = 0; path = MyMegaJumpGameTests.xctest; sourceTree = BUILT_PRODUCTS_DIR; };
		C4B26FD91A7FF25E00D6A3E9 /* Info.plist */ = {isa = PBXFileReference; lastKnownFileType = text.plist.xml; path = Info.plist; sourceTree = "<group>"; };
		C4B26FDA1A7FF25E00D6A3E9 /* MyMegaJumpGameTests.m */ = {isa = PBXFileReference; lastKnownFileType = sourcecode.c.objc; path = MyMegaJumpGameTests.m; sourceTree = "<group>"; };
		C4FBC6C51ADA1A8B00097905 /* GameObjectNode.h */ = {isa = PBXFileReference; fileEncoding = 4; lastKnownFileType = sourcecode.c.h; path = GameObjectNode.h; sourceTree = "<group>"; };
		C4FBC6C61ADA1A8B00097905 /* GameObjectNode.m */ = {isa = PBXFileReference; fileEncoding = 4; lastKnownFileType = sourcecode.c.objc; path = GameObjectNode.m; sourceTree = "<group>"; };
		C4FBC6C81ADA1ED300097905 /* Star.h */ = {isa = PBXFileReference; fileEncoding = 4; lastKnownFileType = sourcecode.c.h; path = Star.h; sourceTree = "<group>"; };
		C4FBC6C91ADA1ED300097905 /* Star.m */ = {isa = PBXFileReference; fileEncoding = 4; lastKnownFileType = sourcecode.c.objc; path = Star.m; sourceTree = "<group>"; };
/* End PBXFileReference section */

/* Begin PBXFrameworksBuildPhase section */
		C4B26FB31A7FF25E00D6A3E9 /* Frameworks */ = {
			isa = PBXFrameworksBuildPhase;
			buildActionMask = 2147483647;
			files = (
			);
			runOnlyForDeploymentPostprocessing = 0;
		};
		C4B26FD11A7FF25E00D6A3E9 /* Frameworks */ = {
			isa = PBXFrameworksBuildPhase;
			buildActionMask = 2147483647;
			files = (
			);
			runOnlyForDeploymentPostprocessing = 0;
		};
/* End PBXFrameworksBuildPhase section */

/* Begin PBXGroup section */
		C472C7BF1AD36F3300697F3B /* MegaJumpGraphics */ = {
			isa = PBXGroup;
			children = (
				C472C7C01AD36F3300697F3B /* Assets.atlas */,
				C472C7C11AD36F3300697F3B /* Backgrounds */,
			);
			name = MegaJumpGraphics;
			path = MyMegaJumpGame/UberJumpGraphics;
			sourceTree = "<group>";
		};
		C472C7C11AD36F3300697F3B /* Backgrounds */ = {
			isa = PBXGroup;
			children = (
				C472C7C21AD36F3300697F3B /* Background.png */,
				C472C7C31AD36F3300697F3B /* Background01.png */,
				C472C7C41AD36F3300697F3B /* Background01@2x.png */,
				C472C7C51AD36F3300697F3B /* Background02.png */,
				C472C7C61AD36F3300697F3B /* Background02@2x.png */,
				C472C7C71AD36F3300697F3B /* Background03.png */,
				C472C7C81AD36F3300697F3B /* Background03@2x.png */,
				C472C7C91AD36F3300697F3B /* Background04.png */,
				C472C7CA1AD36F3300697F3B /* Background04@2x.png */,
				C472C7CB1AD36F3300697F3B /* Background05.png */,
				C472C7CC1AD36F3300697F3B /* Background05@2x.png */,
				C472C7CD1AD36F3300697F3B /* Background06.png */,
				C472C7CE1AD36F3300697F3B /* Background06@2x.png */,
				C472C7CF1AD36F3300697F3B /* Background07.png */,
				C472C7D01AD36F3300697F3B /* Background07@2x.png */,
				C472C7D11AD36F3300697F3B /* Background08.png */,
				C472C7D21AD36F3300697F3B /* Background08@2x.png */,
				C472C7D31AD36F3300697F3B /* Background09.png */,
				C472C7D41AD36F3300697F3B /* Background09@2x.png */,
				C472C7D51AD36F3300697F3B /* Background10.png */,
				C472C7D61AD36F3300697F3B /* Background10@2x.png */,
				C472C7D71AD36F3300697F3B /* Background11.png */,
				C472C7D81AD36F3300697F3B /* Background11@2x.png */,
				C472C7D91AD36F3300697F3B /* Background12.png */,
				C472C7DA1AD36F3300697F3B /* Background12@2x.png */,
				C472C7DB1AD36F3300697F3B /* Background13.png */,
				C472C7DC1AD36F3300697F3B /* Background13@2x.png */,
				C472C7DD1AD36F3300697F3B /* Background14.png */,
				C472C7DE1AD36F3300697F3B /* Background14@2x.png */,
				C472C7DF1AD36F3300697F3B /* Background15.png */,
				C472C7E01AD36F3300697F3B /* Background15@2x.png */,
				C472C7E11AD36F3300697F3B /* Background16.png */,
				C472C7E21AD36F3300697F3B /* Background16@2x.png */,
				C472C7E31AD36F3300697F3B /* Background17.png */,
				C472C7E41AD36F3300697F3B /* Background17@2x.png */,
				C472C7E51AD36F3300697F3B /* Background18.png */,
				C472C7E61AD36F3300697F3B /* Background18@2x.png */,
				C472C7E71AD36F3300697F3B /* Background19.png */,
				C472C7E81AD36F3300697F3B /* Background19@2x.png */,
				C472C7E91AD36F3300697F3B /* Background20.png */,
				C472C7EA1AD36F3300697F3B /* Background20@2x.png */,
				C472C7EB1AD36F3300697F3B /* Background@2x.png */,
			);
			path = Backgrounds;
			sourceTree = "<group>";
		};
		C4A3327F1ADB068B00D6250E /* SoundEffects */ = {
			isa = PBXGroup;
			children = (
				C4A332801ADB077B00D6250E /* StarPing.wav */,
			);
			name = SoundEffects;
			path = MyMegaJumpGame.xcodeproj;
			sourceTree = "<group>";
		};
		C4A332821ADB155D00D6250E /* Levels */ = {
			isa = PBXGroup;
			children = (
				C4A332831ADB157200D6250E /* Level01.plist */,
				C4A332851ADB1D9100D6250E /* Level02.plist */,
			);
			name = Levels;
			sourceTree = "<group>";
		};
		C4B26FAD1A7FF25E00D6A3E9 = {
			isa = PBXGroup;
			children = (
				C4A332821ADB155D00D6250E /* Levels */,
				C4A3327F1ADB068B00D6250E /* SoundEffects */,
				C4B26FB81A7FF25E00D6A3E9 /* MyMegaJumpGame */,
				C4B26FD71A7FF25E00D6A3E9 /* MyMegaJumpGameTests */,
				C4B26FB71A7FF25E00D6A3E9 /* Products */,
				C472C7BF1AD36F3300697F3B /* MegaJumpGraphics */,
			);
			sourceTree = "<group>";
		};
		C4B26FB71A7FF25E00D6A3E9 /* Products */ = {
			isa = PBXGroup;
			children = (
				C4B26FB61A7FF25E00D6A3E9 /* MyMegaJumpGame.app */,
				C4B26FD41A7FF25E00D6A3E9 /* MyMegaJumpGameTests.xctest */,
			);
			name = Products;
			sourceTree = "<group>";
		};
		C4B26FB81A7FF25E00D6A3E9 /* MyMegaJumpGame */ = {
			isa = PBXGroup;
			children = (
				C4B26FBD1A7FF25E00D6A3E9 /* AppDelegate.h */,
				C4B26FBE1A7FF25E00D6A3E9 /* AppDelegate.m */,
				C472C8191AD3706D00697F3B /* MegaJumpFirstScene.h */,
				C472C81A1AD3706D00697F3B /* MegaJumpFirstScene.m */,
				C472C81C1AD372D200697F3B /* MegaJumpFirstScene.sks */,
				C4B26FC51A7FF25E00D6A3E9 /* GameViewController.h */,
				C4B26FC61A7FF25E00D6A3E9 /* GameViewController.m */,
				C4B26FC81A7FF25E00D6A3E9 /* Main.storyboard */,
				C4B26FCB1A7FF25E00D6A3E9 /* Images.xcassets */,
				C4B26FCD1A7FF25E00D6A3E9 /* LaunchScreen.xib */,
				C4B26FB91A7FF25E00D6A3E9 /* Supporting Files */,
				C43FA1F51AD4D35D009A2582 /* Player.h */,
				C43FA1F61AD4D35D009A2582 /* Player.m */,
				C4FBC6C81ADA1ED300097905 /* Star.h */,
				C4FBC6C91ADA1ED300097905 /* Star.m */,
				C47CFFF51ADA2E0800731C5A /* Platform.h */,
				C47CFFF61ADA2E0800731C5A /* Platform.m */,
				C4FBC6C51ADA1A8B00097905 /* GameObjectNode.h */,
				C4FBC6C61ADA1A8B00097905 /* GameObjectNode.m */,
			);
			path = MyMegaJumpGame;
			sourceTree = "<group>";
		};
		C4B26FB91A7FF25E00D6A3E9 /* Supporting Files */ = {
			isa = PBXGroup;
			children = (
				C4B26FBA1A7FF25E00D6A3E9 /* Info.plist */,
				C4B26FBB1A7FF25E00D6A3E9 /* main.m */,
			);
			name = "Supporting Files";
			sourceTree = "<group>";
		};
		C4B26FD71A7FF25E00D6A3E9 /* MyMegaJumpGameTests */ = {
			isa = PBXGroup;
			children = (
				C4B26FDA1A7FF25E00D6A3E9 /* MyMegaJumpGameTests.m */,
				C4B26FD81A7FF25E00D6A3E9 /* Supporting Files */,
			);
			path = MyMegaJumpGameTests;
			sourceTree = "<group>";
		};
		C4B26FD81A7FF25E00D6A3E9 /* Supporting Files */ = {
			isa = PBXGroup;
			children = (
				C4B26FD91A7FF25E00D6A3E9 /* Info.plist */,
			);
			name = "Supporting Files";
			sourceTree = "<group>";
		};
/* End PBXGroup section */

/* Begin PBXNativeTarget section */
		C4B26FB51A7FF25E00D6A3E9 /* MyMegaJumpGame */ = {
			isa = PBXNativeTarget;
			buildConfigurationList = C4B26FDE1A7FF25E00D6A3E9 /* Build configuration list for PBXNativeTarget "MyMegaJumpGame" */;
			buildPhases = (
				C4B26FB21A7FF25E00D6A3E9 /* Sources */,
				C4B26FB31A7FF25E00D6A3E9 /* Frameworks */,
				C4B26FB41A7FF25E00D6A3E9 /* Resources */,
			);
			buildRules = (
			);
			dependencies = (
			);
			name = MyMegaJumpGame;
			productName = MyMegaJumpGame;
			productReference = C4B26FB61A7FF25E00D6A3E9 /* MyMegaJumpGame.app */;
			productType = "com.apple.product-type.application";
		};
		C4B26FD31A7FF25E00D6A3E9 /* MyMegaJumpGameTests */ = {
			isa = PBXNativeTarget;
			buildConfigurationList = C4B26FE11A7FF25E00D6A3E9 /* Build configuration list for PBXNativeTarget "MyMegaJumpGameTests" */;
			buildPhases = (
				C4B26FD01A7FF25E00D6A3E9 /* Sources */,
				C4B26FD11A7FF25E00D6A3E9 /* Frameworks */,
				C4B26FD21A7FF25E00D6A3E9 /* Resources */,
			);
			buildRules = (
			);
			dependencies = (
				C4B26FD61A7FF25E00D6A3E9 /* PBXTargetDependency */,
			);
			name = MyMegaJumpGameTests;
			productName = MyMegaJumpGameTests;
			productReference = C4B26FD41A7FF25E00D6A3E9 /* MyMegaJumpGameTests.xctest */;
			productType = "com.apple.product-type.bundle.unit-test";
		};
/* End PBXNativeTarget section */

/* Begin PBXProject section */
		C4B26FAE1A7FF25E00D6A3E9 /* Project object */ = {
			isa = PBXProject;
			attributes = {
				LastUpgradeCheck = 0610;
				ORGANIZATIONNAME = "Bo Guan";
				TargetAttributes = {
					C4B26FB51A7FF25E00D6A3E9 = {
						CreatedOnToolsVersion = 6.1.1;
					};
					C4B26FD31A7FF25E00D6A3E9 = {
						CreatedOnToolsVersion = 6.1.1;
						TestTargetID = C4B26FB51A7FF25E00D6A3E9;
					};
				};
			};
			buildConfigurationList = C4B26FB11A7FF25E00D6A3E9 /* Build configuration list for PBXProject "MyMegaJumpGame" */;
			compatibilityVersion = "Xcode 3.2";
			developmentRegion = English;
			hasScannedForEncodings = 0;
			knownRegions = (
				en,
				Base,
			);
			mainGroup = C4B26FAD1A7FF25E00D6A3E9;
			productRefGroup = C4B26FB71A7FF25E00D6A3E9 /* Products */;
			projectDirPath = "";
			projectRoot = "";
			targets = (
				C4B26FB51A7FF25E00D6A3E9 /* MyMegaJumpGame */,
				C4B26FD31A7FF25E00D6A3E9 /* MyMegaJumpGameTests */,
			);
		};
/* End PBXProject section */

/* Begin PBXResourcesBuildPhase section */
		C4B26FB41A7FF25E00D6A3E9 /* Resources */ = {
			isa = PBXResourcesBuildPhase;
			buildActionMask = 2147483647;
			files = (
				C4A332811ADB077B00D6250E /* StarPing.wav in Resources */,
				C472C8021AD36F3300697F3B /* Background11.png in Resources */,
				C472C7FC1AD36F3300697F3B /* Background08.png in Resources */,
				C472C8131AD36F3300697F3B /* Background19@2x.png in Resources */,
				C472C7F01AD36F3300697F3B /* Background02.png in Resources */,
				C472C8121AD36F3300697F3B /* Background19.png in Resources */,
				C472C7EE1AD36F3300697F3B /* Background01.png in Resources */,
				C472C7EF1AD36F3300697F3B /* Background01@2x.png in Resources */,
				C472C8041AD36F3300697F3B /* Background12.png in Resources */,
				C472C8061AD36F3300697F3B /* Background13.png in Resources */,
				C472C7FB1AD36F3300697F3B /* Background07@2x.png in Resources */,
				C472C7F61AD36F3300697F3B /* Background05.png in Resources */,
				C472C80E1AD36F3300697F3B /* Background17.png in Resources */,
				C472C7F31AD36F3300697F3B /* Background03@2x.png in Resources */,
				C472C7F71AD36F3300697F3B /* Background05@2x.png in Resources */,
				C4B26FCF1A7FF25E00D6A3E9 /* LaunchScreen.xib in Resources */,
				C4B26FCC1A7FF25E00D6A3E9 /* Images.xcassets in Resources */,
				C472C7FD1AD36F3300697F3B /* Background08@2x.png in Resources */,
				C472C7F51AD36F3300697F3B /* Background04@2x.png in Resources */,
				C472C8141AD36F3300697F3B /* Background20.png in Resources */,
				C472C8091AD36F3300697F3B /* Background14@2x.png in Resources */,
				C472C7EC1AD36F3300697F3B /* Assets.atlas in Resources */,
				C472C7F91AD36F3300697F3B /* Background06@2x.png in Resources */,
				C472C7F81AD36F3300697F3B /* Background06.png in Resources */,
				C472C7F11AD36F3300697F3B /* Background02@2x.png in Resources */,
				C472C7ED1AD36F3300697F3B /* Background.png in Resources */,
				C472C8071AD36F3300697F3B /* Background13@2x.png in Resources */,
				C472C8011AD36F3300697F3B /* Background10@2x.png in Resources */,
				C472C80F1AD36F3300697F3B /* Background17@2x.png in Resources */,
				C472C80D1AD36F3300697F3B /* Background16@2x.png in Resources */,
				C4A332841ADB157200D6250E /* Level01.plist in Resources */,
				C472C8161AD36F3300697F3B /* Background@2x.png in Resources */,
				C472C80A1AD36F3300697F3B /* Background15.png in Resources */,
				C472C8151AD36F3300697F3B /* Background20@2x.png in Resources */,
				C472C7FF1AD36F3300697F3B /* Background09@2x.png in Resources */,
				C472C81D1AD372D200697F3B /* MegaJumpFirstScene.sks in Resources */,
				C472C8101AD36F3300697F3B /* Background18.png in Resources */,
				C472C8001AD36F3300697F3B /* Background10.png in Resources */,
				C472C8081AD36F3300697F3B /* Background14.png in Resources */,
				C4A332861ADB1D9100D6250E /* Level02.plist in Resources */,
				C472C7F41AD36F3300697F3B /* Background04.png in Resources */,
				C472C8031AD36F3300697F3B /* Background11@2x.png in Resources */,
				C472C7F21AD36F3300697F3B /* Background03.png in Resources */,
				C472C7FA1AD36F3300697F3B /* Background07.png in Resources */,
				C472C8111AD36F3300697F3B /* Background18@2x.png in Resources */,
				C472C80C1AD36F3300697F3B /* Background16.png in Resources */,
				C472C8051AD36F3300697F3B /* Background12@2x.png in Resources */,
				C472C7FE1AD36F3300697F3B /* Background09.png in Resources */,
				C472C80B1AD36F3300697F3B /* Background15@2x.png in Resources */,
				C4B26FCA1A7FF25E00D6A3E9 /* Main.storyboard in Resources */,
			);
			runOnlyForDeploymentPostprocessing = 0;
		};
		C4B26FD21A7FF25E00D6A3E9 /* Resources */ = {
			isa = PBXResourcesBuildPhase;
			buildActionMask = 2147483647;
			files = (
			);
			runOnlyForDeploymentPostprocessing = 0;
		};
/* End PBXResourcesBuildPhase section */

/* Begin PBXSourcesBuildPhase section */
		C4B26FB21A7FF25E00D6A3E9 /* Sources */ = {
			isa = PBXSourcesBuildPhase;
			buildActionMask = 2147483647;
			files = (
				C4B26FC71A7FF25E00D6A3E9 /* GameViewController.m in Sources */,
				C4B26FBF1A7FF25E00D6A3E9 /* AppDelegate.m in Sources */,
				C47CFFF71ADA2E0800731C5A /* Platform.m in Sources */,
				C4FBC6CA1ADA1ED300097905 /* Star.m in Sources */,
				C472C81B1AD3706D00697F3B /* MegaJumpFirstScene.m in Sources */,
				C43FA1F71AD4D35D009A2582 /* Player.m in Sources */,
				C4B26FBC1A7FF25E00D6A3E9 /* main.m in Sources */,
				C4FBC6C71ADA1A8B00097905 /* GameObjectNode.m in Sources */,
			);
			runOnlyForDeploymentPostprocessing = 0;
		};
		C4B26FD01A7FF25E00D6A3E9 /* Sources */ = {
			isa = PBXSourcesBuildPhase;
			buildActionMask = 2147483647;
			files = (
				C4B26FDB1A7FF25E00D6A3E9 /* MyMegaJumpGameTests.m in Sources */,
			);
			runOnlyForDeploymentPostprocessing = 0;
		};
/* End PBXSourcesBuildPhase section */

/* Begin PBXTargetDependency section */
		C4B26FD61A7FF25E00D6A3E9 /* PBXTargetDependency */ = {
			isa = PBXTargetDependency;
			target = C4B26FB51A7FF25E00D6A3E9 /* MyMegaJumpGame */;
			targetProxy = C4B26FD51A7FF25E00D6A3E9 /* PBXContainerItemProxy */;
		};
/* End PBXTargetDependency section */

/* Begin PBXVariantGroup section */
		C4B26FC81A7FF25E00D6A3E9 /* Main.storyboard */ = {
			isa = PBXVariantGroup;
			children = (
				C4B26FC91A7FF25E00D6A3E9 /* Base */,
			);
			name = Main.storyboard;
			sourceTree = "<group>";
		};
		C4B26FCD1A7FF25E00D6A3E9 /* LaunchScreen.xib */ = {
			isa = PBXVariantGroup;
			children = (
				C4B26FCE1A7FF25E00D6A3E9 /* Base */,
			);
			name = LaunchScreen.xib;
			sourceTree = "<group>";
		};
/* End PBXVariantGroup section */

/* Begin XCBuildConfiguration section */
		C4B26FDC1A7FF25E00D6A3E9 /* Debug */ = {
			isa = XCBuildConfiguration;
			buildSettings = {
				ALWAYS_SEARCH_USER_PATHS = NO;
				CLANG_CXX_LANGUAGE_STANDARD = "gnu++0x";
				CLANG_CXX_LIBRARY = "libc++";
				CLANG_ENABLE_MODULES = YES;
				CLANG_ENABLE_OBJC_ARC = YES;
				CLANG_WARN_BOOL_CONVERSION = YES;
				CLANG_WARN_CONSTANT_CONVERSION = YES;
				CLANG_WARN_DIRECT_OBJC_ISA_USAGE = YES_ERROR;
				CLANG_WARN_EMPTY_BODY = YES;
				CLANG_WARN_ENUM_CONVERSION = YES;
				CLANG_WARN_INT_CONVERSION = YES;
				CLANG_WARN_OBJC_ROOT_CLASS = YES_ERROR;
				CLANG_WARN_UNREACHABLE_CODE = YES;
				CLANG_WARN__DUPLICATE_METHOD_MATCH = YES;
				"CODE_SIGN_IDENTITY[sdk=iphoneos*]" = "iPhone Developer";
				COPY_PHASE_STRIP = NO;
				ENABLE_STRICT_OBJC_MSGSEND = YES;
				GCC_C_LANGUAGE_STANDARD = gnu99;
				GCC_DYNAMIC_NO_PIC = NO;
				GCC_OPTIMIZATION_LEVEL = 0;
				GCC_PREPROCESSOR_DEFINITIONS = (
					"DEBUG=1",
					"$(inherited)",
				);
				GCC_SYMBOLS_PRIVATE_EXTERN = NO;
				GCC_WARN_64_TO_32_BIT_CONVERSION = YES;
				GCC_WARN_ABOUT_RETURN_TYPE = YES_ERROR;
				GCC_WARN_UNDECLARED_SELECTOR = YES;
				GCC_WARN_UNINITIALIZED_AUTOS = YES_AGGRESSIVE;
				GCC_WARN_UNUSED_FUNCTION = YES;
				GCC_WARN_UNUSED_VARIABLE = YES;
				IPHONEOS_DEPLOYMENT_TARGET = 8.1;
				MTL_ENABLE_DEBUG_INFO = YES;
				ONLY_ACTIVE_ARCH = YES;
				SDKROOT = iphoneos;
			};
			name = Debug;
		};
		C4B26FDD1A7FF25E00D6A3E9 /* Release */ = {
			isa = XCBuildConfiguration;
			buildSettings = {
				ALWAYS_SEARCH_USER_PATHS = NO;
				CLANG_CXX_LANGUAGE_STANDARD = "gnu++0x";
				CLANG_CXX_LIBRARY = "libc++";
				CLANG_ENABLE_MODULES = YES;
				CLANG_ENABLE_OBJC_ARC = YES;
				CLANG_WARN_BOOL_CONVERSION = YES;
				CLANG_WARN_CONSTANT_CONVERSION = YES;
				CLANG_WARN_DIRECT_OBJC_ISA_USAGE = YES_ERROR;
				CLANG_WARN_EMPTY_BODY = YES;
				CLANG_WARN_ENUM_CONVERSION = YES;
				CLANG_WARN_INT_CONVERSION = YES;
				CLANG_WARN_OBJC_ROOT_CLASS = YES_ERROR;
				CLANG_WARN_UNREACHABLE_CODE = YES;
				CLANG_WARN__DUPLICATE_METHOD_MATCH = YES;
				"CODE_SIGN_IDENTITY[sdk=iphoneos*]" = "iPhone Developer";
				COPY_PHASE_STRIP = YES;
				ENABLE_NS_ASSERTIONS = NO;
				ENABLE_STRICT_OBJC_MSGSEND = YES;
				GCC_C_LANGUAGE_STANDARD = gnu99;
				GCC_WARN_64_TO_32_BIT_CONVERSION = YES;
				GCC_WARN_ABOUT_RETURN_TYPE = YES_ERROR;
				GCC_WARN_UNDECLARED_SELECTOR = YES;
				GCC_WARN_UNINITIALIZED_AUTOS = YES_AGGRESSIVE;
				GCC_WARN_UNUSED_FUNCTION = YES;
				GCC_WARN_UNUSED_VARIABLE = YES;
				IPHONEOS_DEPLOYMENT_TARGET = 8.1;
				MTL_ENABLE_DEBUG_INFO = NO;
				SDKROOT = iphoneos;
				VALIDATE_PRODUCT = YES;
			};
			name = Release;
		};
		C4B26FDF1A7FF25E00D6A3E9 /* Debug */ = {
			isa = XCBuildConfiguration;
			buildSettings = {
				ASSETCATALOG_COMPILER_APPICON_NAME = AppIcon;
				INFOPLIST_FILE = MyMegaJumpGame/Info.plist;
				IPHONEOS_DEPLOYMENT_TARGET = 7.0;
				LD_RUNPATH_SEARCH_PATHS = "$(inherited) @executable_path/Frameworks";
				PRODUCT_NAME = "$(TARGET_NAME)";
			};
			name = Debug;
		};
		C4B26FE01A7FF25E00D6A3E9 /* Release */ = {
			isa = XCBuildConfiguration;
			buildSettings = {
				ASSETCATALOG_COMPILER_APPICON_NAME = AppIcon;
				INFOPLIST_FILE = MyMegaJumpGame/Info.plist;
				IPHONEOS_DEPLOYMENT_TARGET = 7.0;
				LD_RUNPATH_SEARCH_PATHS = "$(inherited) @executable_path/Frameworks";
				PRODUCT_NAME = "$(TARGET_NAME)";
			};
			name = Release;
		};
		C4B26FE21A7FF25E00D6A3E9 /* Debug */ = {
			isa = XCBuildConfiguration;
			buildSettings = {
				BUNDLE_LOADER = "$(TEST_HOST)";
				FRAMEWORK_SEARCH_PATHS = (
					"$(SDKROOT)/Developer/Library/Frameworks",
					"$(inherited)",
				);
				GCC_PREPROCESSOR_DEFINITIONS = (
					"DEBUG=1",
					"$(inherited)",
				);
				INFOPLIST_FILE = MyMegaJumpGameTests/Info.plist;
				LD_RUNPATH_SEARCH_PATHS = "$(inherited) @executable_path/Frameworks @loader_path/Frameworks";
				PRODUCT_NAME = "$(TARGET_NAME)";
				TEST_HOST = "$(BUILT_PRODUCTS_DIR)/MyMegaJumpGame.app/MyMegaJumpGame";
			};
			name = Debug;
		};
		C4B26FE31A7FF25E00D6A3E9 /* Release */ = {
			isa = XCBuildConfiguration;
			buildSettings = {
				BUNDLE_LOADER = "$(TEST_HOST)";
				FRAMEWORK_SEARCH_PATHS = (
					"$(SDKROOT)/Developer/Library/Frameworks",
					"$(inherited)",
				);
				INFOPLIST_FILE = MyMegaJumpGameTests/Info.plist;
				LD_RUNPATH_SEARCH_PATHS = "$(inherited) @executable_path/Frameworks @loader_path/Frameworks";
				PRODUCT_NAME = "$(TARGET_NAME)";
				TEST_HOST = "$(BUILT_PRODUCTS_DIR)/MyMegaJumpGame.app/MyMegaJumpGame";
			};
			name = Release;
		};
/* End XCBuildConfiguration section */

/* Begin XCConfigurationList section */
		C4B26FB11A7FF25E00D6A3E9 /* Build configuration list for PBXProject "MyMegaJumpGame" */ = {
			isa = XCConfigurationList;
			buildConfigurations = (
				C4B26FDC1A7FF25E00D6A3E9 /* Debug */,
				C4B26FDD1A7FF25E00D6A3E9 /* Release */,
			);
			defaultConfigurationIsVisible = 0;
			defaultConfigurationName = Release;
		};
		C4B26FDE1A7FF25E00D6A3E9 /* Build configuration list for PBXNativeTarget "MyMegaJumpGame" */ = {
			isa = XCConfigurationList;
			buildConfigurations = (
				C4B26FDF1A7FF25E00D6A3E9 /* Debug */,
				C4B26FE01A7FF25E00D6A3E9 /* Release */,
			);
			defaultConfigurationIsVisible = 0;
			defaultConfigurationName = Release;
		};
		C4B26FE11A7FF25E00D6A3E9 /* Build configuration list for PBXNativeTarget "MyMegaJumpGameTests" */ = {
			isa = XCConfigurationList;
			buildConfigurations = (
				C4B26FE21A7FF25E00D6A3E9 /* Debug */,
				C4B26FE31A7FF25E00D6A3E9 /* Release */,
			);
			defaultConfigurationIsVisible = 0;
			defaultConfigurationName = Release;
		};
/* End XCConfigurationList section */
	};
	rootObject = C4B26FAE1A7FF25E00D6A3E9 /* Project object */;
}
